
Microsoft Visual Studio Solution File, Format Version 12.00
# Visual Studio Version 16
VisualStudioVersion = 16.0.30225.117
MinimumVisualStudioVersion = 10.0.40219.1
Project("{FAE04EC0-301F-11D3-BF4B-00C04F79EFBC}") = "ConsoleApp1", "ConsoleApp1\ConsoleApp1.csproj", "{9ACBC101-BE6B-443B-95DB-218964A789F8}"
EndProject
Global
	GlobalSection(SolutionConfigurationPlatforms) = preSolution
		Debug|Any CPU = Debug|Any CPU
		Release|Any CPU = Release|Any CPU
	EndGlobalSection
	GlobalSection(ProjectConfigurationPlatforms) = postSolution
		{9ACBC101-BE6B-443B-95DB-218964A789F8}.Debug|Any CPU.ActiveCfg = Debug|Any CPU
		{9ACBC101-BE6B-443B-95DB-218964A789F8}.Debug|Any CPU.Build.0 = Debug|Any CPU
		{9ACBC101-BE6B-443B-95DB-218964A789F8}.Release|Any CPU.ActiveCfg = Release|Any CPU
		{9ACBC101-BE6B-443B-95DB-218964A789F8}.Release|Any CPU.Build.0 = Release|Any CPU
	EndGlobalSection
	GlobalSection(SolutionProperties) = preSolution
		HideSolutionNode = FALSE
	EndGlobalSection
	GlobalSection(ExtensibilityGlobals) = postSolution
		SolutionGuid = {D0611091-994D-4476-8557-3AF1D062B1D4}
	EndGlobalSection
EndGlobal
